// !$*UTF8*$!
{
	archiveVersion = 1;
	classes = {
	};
	objectVersion = 55;
	objects = {

/* Begin PBXBuildFile section */
		8B85A89828302E56000E8572 /* AppDelegate.swift in Sources */ = {isa = PBXBuildFile; fileRef = 8B85A89728302E56000E8572 /* AppDelegate.swift */; };
		8B85A89A28302E56000E8572 /* SceneDelegate.swift in Sources */ = {isa = PBXBuildFile; fileRef = 8B85A89928302E56000E8572 /* SceneDelegate.swift */; };
		8B85A89C28302E56000E8572 /* LoginViewController.swift in Sources */ = {isa = PBXBuildFile; fileRef = 8B85A89B28302E56000E8572 /* LoginViewController.swift */; };
		8B85A89F28302E56000E8572 /* Main.storyboard in Resources */ = {isa = PBXBuildFile; fileRef = 8B85A89D28302E56000E8572 /* Main.storyboard */; };
		8B85A8A128302E68000E8572 /* Assets.xcassets in Resources */ = {isa = PBXBuildFile; fileRef = 8B85A8A028302E68000E8572 /* Assets.xcassets */; };
		8B85A8A428302E68000E8572 /* LaunchScreen.storyboard in Resources */ = {isa = PBXBuildFile; fileRef = 8B85A8A228302E68000E8572 /* LaunchScreen.storyboard */; };
		8B85A8AC2836C38D000E8572 /* WelcomeViewController.swift in Sources */ = {isa = PBXBuildFile; fileRef = 8B85A8AB2836C38D000E8572 /* WelcomeViewController.swift */; };
		8B9D3DA8283EBB1E00567921 /* User.swift in Sources */ = {isa = PBXBuildFile; fileRef = 8B9D3DA7283EBB1E00567921 /* User.swift */; };
		8B9D3DAA2842349000567921 /* MyProfileVC.swift in Sources */ = {isa = PBXBuildFile; fileRef = 8B9D3DA92842349000567921 /* MyProfileVC.swift */; };
		8B9D3DAC28423CDB00567921 /* AgeViewController.swift in Sources */ = {isa = PBXBuildFile; fileRef = 8B9D3DAB28423CDB00567921 /* AgeViewController.swift */; };
		8B9D3DAE28423CED00567921 /* HobbiesViewController.swift in Sources */ = {isa = PBXBuildFile; fileRef = 8B9D3DAD28423CED00567921 /* HobbiesViewController.swift */; };
/* End PBXBuildFile section */

/* Begin PBXFileReference section */
		8B85A89428302E56000E8572 /* LoginApp.app */ = {isa = PBXFileReference; explicitFileType = wrapper.application; includeInIndex = 0; path = LoginApp.app; sourceTree = BUILT_PRODUCTS_DIR; };
		8B85A89728302E56000E8572 /* AppDelegate.swift */ = {isa = PBXFileReference; lastKnownFileType = sourcecode.swift; path = AppDelegate.swift; sourceTree = "<group>"; };
		8B85A89928302E56000E8572 /* SceneDelegate.swift */ = {isa = PBXFileReference; lastKnownFileType = sourcecode.swift; path = SceneDelegate.swift; sourceTree = "<group>"; };
		8B85A89B28302E56000E8572 /* LoginViewController.swift */ = {isa = PBXFileReference; lastKnownFileType = sourcecode.swift; path = LoginViewController.swift; sourceTree = "<group>"; };
		8B85A89E28302E56000E8572 /* Base */ = {isa = PBXFileReference; lastKnownFileType = file.storyboard; name = Base; path = Base.lproj/Main.storyboard; sourceTree = "<group>"; };
		8B85A8A028302E68000E8572 /* Assets.xcassets */ = {isa = PBXFileReference; lastKnownFileType = folder.assetcatalog; path = Assets.xcassets; sourceTree = "<group>"; };
		8B85A8A328302E68000E8572 /* Base */ = {isa = PBXFileReference; lastKnownFileType = file.storyboard; name = Base; path = Base.lproj/LaunchScreen.storyboard; sourceTree = "<group>"; };
		8B85A8A528302E68000E8572 /* Info.plist */ = {isa = PBXFileReference; lastKnownFileType = text.plist.xml; path = Info.plist; sourceTree = "<group>"; };
		8B85A8AB2836C38D000E8572 /* WelcomeViewController.swift */ = {isa = PBXFileReference; lastKnownFileType = sourcecode.swift; path = WelcomeViewController.swift; sourceTree = "<group>"; };
		8B9D3DA7283EBB1E00567921 /* User.swift */ = {isa = PBXFileReference; lastKnownFileType = sourcecode.swift; path = User.swift; sourceTree = "<group>"; };
		8B9D3DA92842349000567921 /* MyProfileVC.swift */ = {isa = PBXFileReference; lastKnownFileType = sourcecode.swift; path = MyProfileVC.swift; sourceTree = "<group>"; };
		8B9D3DAB28423CDB00567921 /* AgeViewController.swift */ = {isa = PBXFileReference; lastKnownFileType = sourcecode.swift; path = AgeViewController.swift; sourceTree = "<group>"; };
		8B9D3DAD28423CED00567921 /* HobbiesViewController.swift */ = {isa = PBXFileReference; lastKnownFileType = sourcecode.swift; path = HobbiesViewController.swift; sourceTree = "<group>"; };
/* End PBXFileReference section */

/* Begin PBXFrameworksBuildPhase section */
		8B85A89128302E56000E8572 /* Frameworks */ = {
			isa = PBXFrameworksBuildPhase;
			buildActionMask = 2147483647;
			files = (
			);
			runOnlyForDeploymentPostprocessing = 0;
		};
/* End PBXFrameworksBuildPhase section */

/* Begin PBXGroup section */
		8B85A88B28302E56000E8572 = {
			isa = PBXGroup;
			children = (
				8B85A89628302E56000E8572 /* LoginApp */,
				8B85A89528302E56000E8572 /* Products */,
			);
			sourceTree = "<group>";
		};
		8B85A89528302E56000E8572 /* Products */ = {
			isa = PBXGroup;
			children = (
				8B85A89428302E56000E8572 /* LoginApp.app */,
			);
			name = Products;
			sourceTree = "<group>";
		};
		8B85A89628302E56000E8572 /* LoginApp */ = {
			isa = PBXGroup;
			children = (
				8B9D3DA2283EB89A00567921 /* ViewControllers */,
				8B9D3DA3283EB8D300567921 /* StoryBoards */,
				8B9D3DA6283EBA4D00567921 /* Models */,
				8B9D3DA4283EB90600567921 /* Resources */,
				8B9D3DA5283EB95100567921 /* Support */,
			);
			path = LoginApp;
			sourceTree = "<group>";
		};
		8B9D3DA2283EB89A00567921 /* ViewControllers */ = {
			isa = PBXGroup;
			children = (
				8B85A89B28302E56000E8572 /* LoginViewController.swift */,
				8B85A8AB2836C38D000E8572 /* WelcomeViewController.swift */,
				8B9D3DA92842349000567921 /* MyProfileVC.swift */,
				8B9D3DAB28423CDB00567921 /* AgeViewController.swift */,
				8B9D3DAD28423CED00567921 /* HobbiesViewController.swift */,
			);
			path = ViewControllers;
			sourceTree = "<group>";
		};
		8B9D3DA3283EB8D300567921 /* StoryBoards */ = {
			isa = PBXGroup;
			children = (
				8B85A89D28302E56000E8572 /* Main.storyboard */,
				8B85A8A228302E68000E8572 /* LaunchScreen.storyboard */,
			);
			path = StoryBoards;
			sourceTree = "<group>";
		};
		8B9D3DA4283EB90600567921 /* Resources */ = {
			isa = PBXGroup;
			children = (
				8B85A8A028302E68000E8572 /* Assets.xcassets */,
			);
			path = Resources;
			sourceTree = "<group>";
		};
		8B9D3DA5283EB95100567921 /* Support */ = {
			isa = PBXGroup;
			children = (
				8B85A89728302E56000E8572 /* AppDelegate.swift */,
				8B85A89928302E56000E8572 /* SceneDelegate.swift */,
				8B85A8A528302E68000E8572 /* Info.plist */,
			);
			path = Support;
			sourceTree = "<group>";
		};
		8B9D3DA6283EBA4D00567921 /* Models */ = {
			isa = PBXGroup;
			children = (
				8B9D3DA7283EBB1E00567921 /* User.swift */,
			);
			path = Models;
			sourceTree = "<group>";
		};
/* End PBXGroup section */

/* Begin PBXNativeTarget section */
		8B85A89328302E56000E8572 /* LoginApp */ = {
			isa = PBXNativeTarget;
			buildConfigurationList = 8B85A8A828302E68000E8572 /* Build configuration list for PBXNativeTarget "LoginApp" */;
			buildPhases = (
				8B85A89028302E56000E8572 /* Sources */,
				8B85A89128302E56000E8572 /* Frameworks */,
				8B85A89228302E56000E8572 /* Resources */,
			);
			buildRules = (
			);
			dependencies = (
			);
			name = LoginApp;
			productName = LoginApp;
			productReference = 8B85A89428302E56000E8572 /* LoginApp.app */;
			productType = "com.apple.product-type.application";
		};
/* End PBXNativeTarget section */

/* Begin PBXProject section */
		8B85A88C28302E56000E8572 /* Project object */ = {
			isa = PBXProject;
			attributes = {
				BuildIndependentTargetsInParallel = 1;
				LastSwiftUpdateCheck = 1330;
				LastUpgradeCheck = 1330;
				TargetAttributes = {
					8B85A89328302E56000E8572 = {
						CreatedOnToolsVersion = 13.3.1;
					};
				};
			};
			buildConfigurationList = 8B85A88F28302E56000E8572 /* Build configuration list for PBXProject "LoginApp" */;
			compatibilityVersion = "Xcode 13.0";
			developmentRegion = en;
			hasScannedForEncodings = 0;
			knownRegions = (
				en,
				Base,
			);
			mainGroup = 8B85A88B28302E56000E8572;
			productRefGroup = 8B85A89528302E56000E8572 /* Products */;
			projectDirPath = "";
			projectRoot = "";
			targets = (
				8B85A89328302E56000E8572 /* LoginApp */,
			);
		};
/* End PBXProject section */

/* Begin PBXResourcesBuildPhase section */
		8B85A89228302E56000E8572 /* Resources */ = {
			isa = PBXResourcesBuildPhase;
			buildActionMask = 2147483647;
			files = (
				8B85A8A428302E68000E8572 /* LaunchScreen.storyboard in Resources */,
				8B85A8A128302E68000E8572 /* Assets.xcassets in Resources */,
				8B85A89F28302E56000E8572 /* Main.storyboard in Resources */,
			);
			runOnlyForDeploymentPostprocessing = 0;
		};
/* End PBXResourcesBuildPhase section */

/* Begin PBXSourcesBuildPhase section */
		8B85A89028302E56000E8572 /* Sources */ = {
			isa = PBXSourcesBuildPhase;
			buildActionMask = 2147483647;
			files = (
				8B9D3DAA2842349000567921 /* MyProfileVC.swift in Sources */,
				8B9D3DAE28423CED00567921 /* HobbiesViewController.swift in Sources */,
				8B85A89C28302E56000E8572 /* LoginViewController.swift in Sources */,
				8B9D3DAC28423CDB00567921 /* AgeViewController.swift in Sources */,
				8B85A8AC2836C38D000E8572 /* WelcomeViewController.swift in Sources */,
				8B85A89828302E56000E8572 /* AppDelegate.swift in Sources */,
				8B9D3DA8283EBB1E00567921 /* User.swift in Sources */,
				8B85A89A28302E56000E8572 /* SceneDelegate.swift in Sources */,
			);
			runOnlyForDeploymentPostprocessing = 0;
		};
/* End PBXSourcesBuildPhase section */

/* Begin PBXVariantGroup section */
		8B85A89D28302E56000E8572 /* Main.storyboard */ = {
			isa = PBXVariantGroup;
			children = (
				8B85A89E28302E56000E8572 /* Base */,
			);
			name = Main.storyboard;
			sourceTree = "<group>";
		};
		8B85A8A228302E68000E8572 /* LaunchScreen.storyboard */ = {
			isa = PBXVariantGroup;
			children = (
				8B85A8A328302E68000E8572 /* Base */,
			);
			name = LaunchScreen.storyboard;
			sourceTree = "<group>";
		};
/* End PBXVariantGroup section */

/* Begin XCBuildConfiguration section */
		8B85A8A628302E68000E8572 /* Debug */ = {
			isa = XCBuildConfiguration;
			buildSettings = {
				ALWAYS_SEARCH_USER_PATHS = NO;
				CLANG_ANALYZER_NONNULL = YES;
				CLANG_ANALYZER_NUMBER_OBJECT_CONVERSION = YES_AGGRESSIVE;
				CLANG_CXX_LANGUAGE_STANDARD = "gnu++17";
				CLANG_ENABLE_MODULES = YES;
				CLANG_ENABLE_OBJC_ARC = YES;
				CLANG_ENABLE_OBJC_WEAK = YES;
				CLANG_WARN_BLOCK_CAPTURE_AUTORELEASING = YES;
				CLANG_WARN_BOOL_CONVERSION = YES;
				CLANG_WARN_COMMA = YES;
				CLANG_WARN_CONSTANT_CONVERSION = YES;
				CLANG_WARN_DEPRECATED_OBJC_IMPLEMENTATIONS = YES;
				CLANG_WARN_DIRECT_OBJC_ISA_USAGE = YES_ERROR;
				CLANG_WARN_DOCUMENTATION_COMMENTS = YES;
				CLANG_WARN_EMPTY_BODY = YES;
				CLANG_WARN_ENUM_CONVERSION = YES;
				CLANG_WARN_INFINITE_RECURSION = YES;
				CLANG_WARN_INT_CONVERSION = YES;
				CLANG_WARN_NON_LITERAL_NULL_CONVERSION = YES;
				CLANG_WARN_OBJC_IMPLICIT_RETAIN_SELF = YES;
				CLANG_WARN_OBJC_LITERAL_CONVERSION = YES;
				CLANG_WARN_OBJC_ROOT_CLASS = YES_ERROR;
				CLANG_WARN_QUOTED_INCLUDE_IN_FRAMEWORK_HEADER = YES;
				CLANG_WARN_RANGE_LOOP_ANALYSIS = YES;
				CLANG_WARN_STRICT_PROTOTYPES = YES;
				CLANG_WARN_SUSPICIOUS_MOVE = YES;
				CLANG_WARN_UNGUARDED_AVAILABILITY = YES_AGGRESSIVE;
				CLANG_WARN_UNREACHABLE_CODE = YES;
				CLANG_WARN__DUPLICATE_METHOD_MATCH = YES;
				COPY_PHASE_STRIP = NO;
				DEBUG_INFORMATION_FORMAT = dwarf;
				ENABLE_STRICT_OBJC_MSGSEND = YES;
				ENABLE_TESTABILITY = YES;
				GCC_C_LANGUAGE_STANDARD = gnu11;
				GCC_DYNAMIC_NO_PIC = NO;
				GCC_NO_COMMON_BLOCKS = YES;
				GCC_OPTIMIZATION_LEVEL = 0;
				GCC_PREPROCESSOR_DEFINITIONS = (
					"DEBUG=1",
					"$(inherited)",
				);
				GCC_WARN_64_TO_32_BIT_CONVERSION = YES;
				GCC_WARN_ABOUT_RETURN_TYPE = YES_ERROR;
				GCC_WARN_UNDECLARED_SELECTOR = YES;
				GCC_WARN_UNINITIALIZED_AUTOS = YES_AGGRESSIVE;
				GCC_WARN_UNUSED_FUNCTION = YES;
				GCC_WARN_UNUSED_VARIABLE = YES;
				IPHONEOS_DEPLOYMENT_TARGET = 15.4;
				MTL_ENABLE_DEBUG_INFO = INCLUDE_SOURCE;
				MTL_FAST_MATH = YES;
				ONLY_ACTIVE_ARCH = YES;
				SDKROOT = iphoneos;
				SWIFT_ACTIVE_COMPILATION_CONDITIONS = DEBUG;
				SWIFT_OPTIMIZATION_LEVEL = "-Onone";
			};
			name = Debug;
		};
		8B85A8A728302E68000E8572 /* Release */ = {
			isa = XCBuildConfiguration;
			buildSettings = {
				ALWAYS_SEARCH_USER_PATHS = NO;
				CLANG_ANALYZER_NONNULL = YES;
				CLANG_ANALYZER_NUMBER_OBJECT_CONVERSION = YES_AGGRESSIVE;
				CLANG_CXX_LANGUAGE_STANDARD = "gnu++17";
				CLANG_ENABLE_MODULES = YES;
				CLANG_ENABLE_OBJC_ARC = YES;
				CLANG_ENABLE_OBJC_WEAK = YES;
				CLANG_WARN_BLOCK_CAPTURE_AUTORELEASING = YES;
				CLANG_WARN_BOOL_CONVERSION = YES;
				CLANG_WARN_COMMA = YES;
				CLANG_WARN_CONSTANT_CONVERSION = YES;
				CLANG_WARN_DEPRECATED_OBJC_IMPLEMENTATIONS = YES;
				CLANG_WARN_DIRECT_OBJC_ISA_USAGE = YES_ERROR;
				CLANG_WARN_DOCUMENTATION_COMMENTS = YES;
				CLANG_WARN_EMPTY_BODY = YES;
				CLANG_WARN_ENUM_CONVERSION = YES;
				CLANG_WARN_INFINITE_RECURSION = YES;
				CLANG_WARN_INT_CONVERSION = YES;
				CLANG_WARN_NON_LITERAL_NULL_CONVERSION = YES;
				CLANG_WARN_OBJC_IMPLICIT_RETAIN_SELF = YES;
				CLANG_WARN_OBJC_LITERAL_CONVERSION = YES;
				CLANG_WARN_OBJC_ROOT_CLASS = YES_ERROR;
				CLANG_WARN_QUOTED_INCLUDE_IN_FRAMEWORK_HEADER = YES;
				CLANG_WARN_RANGE_LOOP_ANALYSIS = YES;
				CLANG_WARN_STRICT_PROTOTYPES = YES;
				CLANG_WARN_SUSPICIOUS_MOVE = YES;
				CLANG_WARN_UNGUARDED_AVAILABILITY = YES_AGGRESSIVE;
				CLANG_WARN_UNREACHABLE_CODE = YES;
				CLANG_WARN__DUPLICATE_METHOD_MATCH = YES;
				COPY_PHASE_STRIP = NO;
				DEBUG_INFORMATION_FORMAT = "dwarf-with-dsym";
				ENABLE_NS_ASSERTIONS = NO;
				ENABLE_STRICT_OBJC_MSGSEND = YES;
				GCC_C_LANGUAGE_STANDARD = gnu11;
				GCC_NO_COMMON_BLOCKS = YES;
				GCC_WARN_64_TO_32_BIT_CONVERSION = YES;
				GCC_WARN_ABOUT_RETURN_TYPE = YES_ERROR;
				GCC_WARN_UNDECLARED_SELECTOR = YES;
				GCC_WARN_UNINITIALIZED_AUTOS = YES_AGGRESSIVE;
				GCC_WARN_UNUSED_FUNCTION = YES;
				GCC_WARN_UNUSED_VARIABLE = YES;
				IPHONEOS_DEPLOYMENT_TARGET = 15.4;
				MTL_ENABLE_DEBUG_INFO = NO;
				MTL_FAST_MATH = YES;
				SDKROOT = iphoneos;
				SWIFT_COMPILATION_MODE = wholemodule;
				SWIFT_OPTIMIZATION_LEVEL = "-O";
				VALIDATE_PRODUCT = YES;
			};
			name = Release;
		};
		8B85A8A928302E68000E8572 /* Debug */ = {
			isa = XCBuildConfiguration;
			buildSettings = {
				ASSETCATALOG_COMPILER_APPICON_NAME = AppIcon;
				ASSETCATALOG_COMPILER_GLOBAL_ACCENT_COLOR_NAME = AccentColor;
				CODE_SIGN_STYLE = Automatic;
				CURRENT_PROJECT_VERSION = 1;
				GENERATE_INFOPLIST_FILE = YES;
				INFOPLIST_FILE = LoginApp/Support/Info.plist;
				INFOPLIST_KEY_UIApplicationSupportsIndirectInputEvents = YES;
				INFOPLIST_KEY_UILaunchStoryboardName = LaunchScreen;
				INFOPLIST_KEY_UIMainStoryboardFile = Main;
				INFOPLIST_KEY_UISupportedInterfaceOrientations = UIInterfaceOrientationPortrait;
				INFOPLIST_KEY_UISupportedInterfaceOrientations_iPad = "UIInterfaceOrientationPortrait UIInterfaceOrientationPortraitUpsideDown UIInterfaceOrientationLandscapeLeft UIInterfaceOrientationLandscapeRight";
				INFOPLIST_KEY_UISupportedInterfaceOrientations_iPhone = "UIInterfaceOrientationPortrait UIInterfaceOrientationLandscapeLeft UIInterfaceOrientationLandscapeRight";
				LD_RUNPATH_SEARCH_PATHS = (
					"$(inherited)",
					"@executable_path/Frameworks",
				);
				MARKETING_VERSION = 1.0;
				PRODUCT_BUNDLE_IDENTIFIER = "Viacheslav-Turchak.LoginApp";
				PRODUCT_NAME = "$(TARGET_NAME)";
				SWIFT_EMIT_LOC_STRINGS = YES;
				SWIFT_VERSION = 5.0;
				TARGETED_DEVICE_FAMILY = 1;
			};
			name = Debug;
		};
		8B85A8AA28302E68000E8572 /* Release */ = {
			isa = XCBuildConfiguration;
			buildSettings = {
				ASSETCATALOG_COMPILER_APPICON_NAME = AppIcon;
				ASSETCATALOG_COMPILER_GLOBAL_ACCENT_COLOR_NAME = AccentColor;
				CODE_SIGN_STYLE = Automatic;
				CURRENT_PROJECT_VERSION = 1;
				GENERATE_INFOPLIST_FILE = YES;
				INFOPLIST_FILE = LoginApp/Support/Info.plist;
				INFOPLIST_KEY_UIApplicationSupportsIndirectInputEvents = YES;
				INFOPLIST_KEY_UILaunchStoryboardName = LaunchScreen;
				INFOPLIST_KEY_UIMainStoryboardFile = Main;
				INFOPLIST_KEY_UISupportedInterfaceOrientations = UIInterfaceOrientationPortrait;
				INFOPLIST_KEY_UISupportedInterfaceOrientations_iPad = "UIInterfaceOrientationPortrait UIInterfaceOrientationPortraitUpsideDown UIInterfaceOrientationLandscapeLeft UIInterfaceOrientationLandscapeRight";
				INFOPLIST_KEY_UISupportedInterfaceOrientations_iPhone = "UIInterfaceOrientationPortrait UIInterfaceOrientationLandscapeLeft UIInterfaceOrientationLandscapeRight";
				LD_RUNPATH_SEARCH_PATHS = (
					"$(inherited)",
					"@executable_path/Frameworks",
				);
				MARKETING_VERSION = 1.0;
				PRODUCT_BUNDLE_IDENTIFIER = "Viacheslav-Turchak.LoginApp";
				PRODUCT_NAME = "$(TARGET_NAME)";
				SWIFT_EMIT_LOC_STRINGS = YES;
				SWIFT_VERSION = 5.0;
				TARGETED_DEVICE_FAMILY = 1;
			};
			name = Release;
		};
/* End XCBuildConfiguration section */

/* Begin XCConfigurationList section */
		8B85A88F28302E56000E8572 /* Build configuration list for PBXProject "LoginApp" */ = {
			isa = XCConfigurationList;
			buildConfigurations = (
				8B85A8A628302E68000E8572 /* Debug */,
				8B85A8A728302E68000E8572 /* Release */,
			);
			defaultConfigurationIsVisible = 0;
			defaultConfigurationName = Release;
		};
		8B85A8A828302E68000E8572 /* Build configuration list for PBXNativeTarget "LoginApp" */ = {
			isa = XCConfigurationList;
			buildConfigurations = (
				8B85A8A928302E68000E8572 /* Debug */,
				8B85A8AA28302E68000E8572 /* Release */,
			);
			defaultConfigurationIsVisible = 0;
			defaultConfigurationName = Release;
		};
/* End XCConfigurationList section */
	};
	rootObject = 8B85A88C28302E56000E8572 /* Project object */;
}
